// !$*UTF8*$!
{
	archiveVersion = 1;
	classes = {
	};
	objectVersion = 50;
	objects = {

/* Begin PBXBuildFile section */
		7C578B7326483701008C0A31 /* AppDelegate.swift in Sources */ = {isa = PBXBuildFile; fileRef = 7C578B7226483701008C0A31 /* AppDelegate.swift */; };
		7C578B7526483701008C0A31 /* SceneDelegate.swift in Sources */ = {isa = PBXBuildFile; fileRef = 7C578B7426483701008C0A31 /* SceneDelegate.swift */; };
		7C578B7726483701008C0A31 /* ViewController.swift in Sources */ = {isa = PBXBuildFile; fileRef = 7C578B7626483701008C0A31 /* ViewController.swift */; };
		7C578B7A26483701008C0A31 /* Main.storyboard in Resources */ = {isa = PBXBuildFile; fileRef = 7C578B7826483701008C0A31 /* Main.storyboard */; };
		7C578B7C26483702008C0A31 /* Assets.xcassets in Resources */ = {isa = PBXBuildFile; fileRef = 7C578B7B26483702008C0A31 /* Assets.xcassets */; };
		7C578B7F26483702008C0A31 /* LaunchScreen.storyboard in Resources */ = {isa = PBXBuildFile; fileRef = 7C578B7D26483702008C0A31 /* LaunchScreen.storyboard */; };
		7C578B882648382D008C0A31 /* OtherViewController.swift in Sources */ = {isa = PBXBuildFile; fileRef = 7C578B872648382D008C0A31 /* OtherViewController.swift */; };
/* End PBXBuildFile section */

/* Begin PBXFileReference section */
		7C578B6F26483701008C0A31 /* ch11lab.app */ = {isa = PBXFileReference; explicitFileType = wrapper.application; includeInIndex = 0; path = ch11lab.app; sourceTree = BUILT_PRODUCTS_DIR; };
		7C578B7226483701008C0A31 /* AppDelegate.swift */ = {isa = PBXFileReference; lastKnownFileType = sourcecode.swift; path = AppDelegate.swift; sourceTree = "<group>"; };
		7C578B7426483701008C0A31 /* SceneDelegate.swift */ = {isa = PBXFileReference; lastKnownFileType = sourcecode.swift; path = SceneDelegate.swift; sourceTree = "<group>"; };
		7C578B7626483701008C0A31 /* ViewController.swift */ = {isa = PBXFileReference; lastKnownFileType = sourcecode.swift; path = ViewController.swift; sourceTree = "<group>"; };
		7C578B7926483701008C0A31 /* Base */ = {isa = PBXFileReference; lastKnownFileType = file.storyboard; name = Base; path = Base.lproj/Main.storyboard; sourceTree = "<group>"; };
		7C578B7B26483702008C0A31 /* Assets.xcassets */ = {isa = PBXFileReference; lastKnownFileType = folder.assetcatalog; path = Assets.xcassets; sourceTree = "<group>"; };
		7C578B7E26483702008C0A31 /* Base */ = {isa = PBXFileReference; lastKnownFileType = file.storyboard; name = Base; path = Base.lproj/LaunchScreen.storyboard; sourceTree = "<group>"; };
		7C578B8026483702008C0A31 /* Info.plist */ = {isa = PBXFileReference; lastKnownFileType = text.plist.xml; path = Info.plist; sourceTree = "<group>"; };
		7C578B872648382D008C0A31 /* OtherViewController.swift */ = {isa = PBXFileReference; lastKnownFileType = sourcecode.swift; path = OtherViewController.swift; sourceTree = "<group>"; };
/* End PBXFileReference section */

/* Begin PBXFrameworksBuildPhase section */
		7C578B6C26483701008C0A31 /* Frameworks */ = {
			isa = PBXFrameworksBuildPhase;
			buildActionMask = 2147483647;
			files = (
			);
			runOnlyForDeploymentPostprocessing = 0;
		};
/* End PBXFrameworksBuildPhase section */

/* Begin PBXGroup section */
		7C578B6626483701008C0A31 = {
			isa = PBXGroup;
			children = (
				7C578B7126483701008C0A31 /* ch11lab */,
				7C578B7026483701008C0A31 /* Products */,
			);
			sourceTree = "<group>";
		};
		7C578B7026483701008C0A31 /* Products */ = {
			isa = PBXGroup;
			children = (
				7C578B6F26483701008C0A31 /* ch11lab.app */,
			);
			name = Products;
			sourceTree = "<group>";
		};
		7C578B7126483701008C0A31 /* ch11lab */ = {
			isa = PBXGroup;
			children = (
				7C578B7226483701008C0A31 /* AppDelegate.swift */,
				7C578B7426483701008C0A31 /* SceneDelegate.swift */,
				7C578B7626483701008C0A31 /* ViewController.swift */,
				7C578B7826483701008C0A31 /* Main.storyboard */,
				7C578B7B26483702008C0A31 /* Assets.xcassets */,
				7C578B7D26483702008C0A31 /* LaunchScreen.storyboard */,
				7C578B8026483702008C0A31 /* Info.plist */,
				7C578B872648382D008C0A31 /* OtherViewController.swift */,
			);
			path = ch11lab;
			sourceTree = "<group>";
		};
/* End PBXGroup section */

/* Begin PBXNativeTarget section */
		7C578B6E26483701008C0A31 /* ch11lab */ = {
			isa = PBXNativeTarget;
			buildConfigurationList = 7C578B8326483702008C0A31 /* Build configuration list for PBXNativeTarget "ch11lab" */;
			buildPhases = (
				7C578B6B26483701008C0A31 /* Sources */,
				7C578B6C26483701008C0A31 /* Frameworks */,
				7C578B6D26483701008C0A31 /* Resources */,
			);
			buildRules = (
			);
			dependencies = (
			);
			name = ch11lab;
			productName = ch10lab;
			productReference = 7C578B6F26483701008C0A31 /* ch11lab.app */;
			productType = "com.apple.product-type.application";
		};
/* End PBXNativeTarget section */

/* Begin PBXProject section */
		7C578B6726483701008C0A31 /* Project object */ = {
			isa = PBXProject;
			attributes = {
				LastSwiftUpdateCheck = 1240;
				LastUpgradeCheck = 1240;
				TargetAttributes = {
					7C578B6E26483701008C0A31 = {
						CreatedOnToolsVersion = 12.4;
					};
				};
			};
			buildConfigurationList = 7C578B6A26483701008C0A31 /* Build configuration list for PBXProject "ch11lab" */;
			compatibilityVersion = "Xcode 9.3";
			developmentRegion = en;
			hasScannedForEncodings = 0;
			knownRegions = (
				en,
				Base,
			);
			mainGroup = 7C578B6626483701008C0A31;
			productRefGroup = 7C578B7026483701008C0A31 /* Products */;
			projectDirPath = "";
			projectRoot = "";
			targets = (
				7C578B6E26483701008C0A31 /* ch11lab */,
			);
		};
/* End PBXProject section */

/* Begin PBXResourcesBuildPhase section */
		7C578B6D26483701008C0A31 /* Resources */ = {
			isa = PBXResourcesBuildPhase;
			buildActionMask = 2147483647;
			files = (
				7C578B7F26483702008C0A31 /* LaunchScreen.storyboard in Resources */,
				7C578B7C26483702008C0A31 /* Assets.xcassets in Resources */,
				7C578B7A26483701008C0A31 /* Main.storyboard in Resources */,
			);
			runOnlyForDeploymentPostprocessing = 0;
		};
/* End PBXResourcesBuildPhase section */

/* Begin PBXSourcesBuildPhase section */
		7C578B6B26483701008C0A31 /* Sources */ = {
			isa = PBXSourcesBuildPhase;
			buildActionMask = 2147483647;
			files = (
				7C578B7726483701008C0A31 /* ViewController.swift in Sources */,
				7C578B882648382D008C0A31 /* OtherViewController.swift in Sources */,
				7C578B7326483701008C0A31 /* AppDelegate.swift in Sources */,
				7C578B7526483701008C0A31 /* SceneDelegate.swift in Sources */,
			);
			runOnlyForDeploymentPostprocessing = 0;
		};
/* End PBXSourcesBuildPhase section */

/* Begin PBXVariantGroup section */
		7C578B7826483701008C0A31 /* Main.storyboard */ = {
			isa = PBXVariantGroup;
			children = (
				7C578B7926483701008C0A31 /* Base */,
			);
			name = Main.storyboard;
			sourceTree = "<group>";
		};
		7C578B7D26483702008C0A31 /* LaunchScreen.storyboard */ = {
			isa = PBXVariantGroup;
			children = (
				7C578B7E26483702008C0A31 /* Base */,
			);
			name = LaunchScreen.storyboard;
			sourceTree = "<group>";
		};
/* End PBXVariantGroup section */

/* Begin XCBuildConfiguration section */
		7C578B8126483702008C0A31 /* Debug */ = {
			isa = XCBuildConfiguration;
			buildSettings = {
				ALWAYS_SEARCH_USER_PATHS = NO;
				CLANG_ANALYZER_NONNULL = YES;
				CLANG_ANALYZER_NUMBER_OBJECT_CONVERSION = YES_AGGRESSIVE;
				CLANG_CXX_LANGUAGE_STANDARD = "gnu++14";
				CLANG_CXX_LIBRARY = "libc++";
				CLANG_ENABLE_MODULES = YES;
				CLANG_ENABLE_OBJC_ARC = YES;
				CLANG_ENABLE_OBJC_WEAK = YES;
				CLANG_WARN_BLOCK_CAPTURE_AUTORELEASING = YES;
				CLANG_WARN_BOOL_CONVERSION = YES;
				CLANG_WARN_COMMA = YES;
				CLANG_WARN_CONSTANT_CONVERSION = YES;
				CLANG_WARN_DEPRECATED_OBJC_IMPLEMENTATIONS = YES;
				CLANG_WARN_DIRECT_OBJC_ISA_USAGE = YES_ERROR;
				CLANG_WARN_DOCUMENTATION_COMMENTS = YES;
				CLANG_WARN_EMPTY_BODY = YES;
				CLANG_WARN_ENUM_CONVERSION = YES;
				CLANG_WARN_INFINITE_RECURSION = YES;
				CLANG_WARN_INT_CONVERSION = YES;
				CLANG_WARN_NON_LITERAL_NULL_CONVERSION = YES;
				CLANG_WARN_OBJC_IMPLICIT_RETAIN_SELF = YES;
				CLANG_WARN_OBJC_LITERAL_CONVERSION = YES;
				CLANG_WARN_OBJC_ROOT_CLASS = YES_ERROR;
				CLANG_WARN_QUOTED_INCLUDE_IN_FRAMEWORK_HEADER = YES;
				CLANG_WARN_RANGE_LOOP_ANALYSIS = YES;
				CLANG_WARN_STRICT_PROTOTYPES = YES;
				CLANG_WARN_SUSPICIOUS_MOVE = YES;
				CLANG_WARN_UNGUARDED_AVAILABILITY = YES_AGGRESSIVE;
				CLANG_WARN_UNREACHABLE_CODE = YES;
				CLANG_WARN__DUPLICATE_METHOD_MATCH = YES;
				COPY_PHASE_STRIP = NO;
				DEBUG_INFORMATION_FORMAT = dwarf;
				ENABLE_STRICT_OBJC_MSGSEND = YES;
				ENABLE_TESTABILITY = YES;
				GCC_C_LANGUAGE_STANDARD = gnu11;
				GCC_DYNAMIC_NO_PIC = NO;
				GCC_NO_COMMON_BLOCKS = YES;
				GCC_OPTIMIZATION_LEVEL = 0;
				GCC_PREPROCESSOR_DEFINITIONS = (
					"DEBUG=1",
					"$(inherited)",
				);
				GCC_WARN_64_TO_32_BIT_CONVERSION = YES;
				GCC_WARN_ABOUT_RETURN_TYPE = YES_ERROR;
				GCC_WARN_UNDECLARED_SELECTOR = YES;
				GCC_WARN_UNINITIALIZED_AUTOS = YES_AGGRESSIVE;
				GCC_WARN_UNUSED_FUNCTION = YES;
				GCC_WARN_UNUSED_VARIABLE = YES;
				IPHONEOS_DEPLOYMENT_TARGET = 14.4;
				MTL_ENABLE_DEBUG_INFO = INCLUDE_SOURCE;
				MTL_FAST_MATH = YES;
				ONLY_ACTIVE_ARCH = YES;
				SDKROOT = iphoneos;
				SWIFT_ACTIVE_COMPILATION_CONDITIONS = DEBUG;
				SWIFT_OPTIMIZATION_LEVEL = "-Onone";
			};
			name = Debug;
		};
		7C578B8226483702008C0A31 /* Release */ = {
			isa = XCBuildConfiguration;
			buildSettings = {
				ALWAYS_SEARCH_USER_PATHS = NO;
				CLANG_ANALYZER_NONNULL = YES;
				CLANG_ANALYZER_NUMBER_OBJECT_CONVERSION = YES_AGGRESSIVE;
				CLANG_CXX_LANGUAGE_STANDARD = "gnu++14";
				CLANG_CXX_LIBRARY = "libc++";
				CLANG_ENABLE_MODULES = YES;
				CLANG_ENABLE_OBJC_ARC = YES;
				CLANG_ENABLE_OBJC_WEAK = YES;
				CLANG_WARN_BLOCK_CAPTURE_AUTORELEASING = YES;
				CLANG_WARN_BOOL_CONVERSION = YES;
				CLANG_WARN_COMMA = YES;
				CLANG_WARN_CONSTANT_CONVERSION = YES;
				CLANG_WARN_DEPRECATED_OBJC_IMPLEMENTATIONS = YES;
				CLANG_WARN_DIRECT_OBJC_ISA_USAGE = YES_ERROR;
				CLANG_WARN_DOCUMENTATION_COMMENTS = YES;
				CLANG_WARN_EMPTY_BODY = YES;
				CLANG_WARN_ENUM_CONVERSION = YES;
				CLANG_WARN_INFINITE_RECURSION = YES;
				CLANG_WARN_INT_CONVERSION = YES;
				CLANG_WARN_NON_LITERAL_NULL_CONVERSION = YES;
				CLANG_WARN_OBJC_IMPLICIT_RETAIN_SELF = YES;
				CLANG_WARN_OBJC_LITERAL_CONVERSION = YES;
				CLANG_WARN_OBJC_ROOT_CLASS = YES_ERROR;
				CLANG_WARN_QUOTED_INCLUDE_IN_FRAMEWORK_HEADER = YES;
				CLANG_WARN_RANGE_LOOP_ANALYSIS = YES;
				CLANG_WARN_STRICT_PROTOTYPES = YES;
				CLANG_WARN_SUSPICIOUS_MOVE = YES;
				CLANG_WARN_UNGUARDED_AVAILABILITY = YES_AGGRESSIVE;
				CLANG_WARN_UNREACHABLE_CODE = YES;
				CLANG_WARN__DUPLICATE_METHOD_MATCH = YES;
				COPY_PHASE_STRIP = NO;
				DEBUG_INFORMATION_FORMAT = "dwarf-with-dsym";
				ENABLE_NS_ASSERTIONS = NO;
				ENABLE_STRICT_OBJC_MSGSEND = YES;
				GCC_C_LANGUAGE_STANDARD = gnu11;
				GCC_NO_COMMON_BLOCKS = YES;
				GCC_WARN_64_TO_32_BIT_CONVERSION = YES;
				GCC_WARN_ABOUT_RETURN_TYPE = YES_ERROR;
				GCC_WARN_UNDECLARED_SELECTOR = YES;
				GCC_WARN_UNINITIALIZED_AUTOS = YES_AGGRESSIVE;
				GCC_WARN_UNUSED_FUNCTION = YES;
				GCC_WARN_UNUSED_VARIABLE = YES;
				IPHONEOS_DEPLOYMENT_TARGET = 14.4;
				MTL_ENABLE_DEBUG_INFO = NO;
				MTL_FAST_MATH = YES;
				SDKROOT = iphoneos;
				SWIFT_COMPILATION_MODE = wholemodule;
				SWIFT_OPTIMIZATION_LEVEL = "-O";
				VALIDATE_PRODUCT = YES;
			};
			name = Release;
		};
		7C578B8426483702008C0A31 /* Debug */ = {
			isa = XCBuildConfiguration;
			buildSettings = {
				ASSETCATALOG_COMPILER_APPICON_NAME = AppIcon;
				ASSETCATALOG_COMPILER_GLOBAL_ACCENT_COLOR_NAME = AccentColor;
				CODE_SIGN_STYLE = Automatic;
				DEVELOPMENT_TEAM = KUAV85P94F;
				INFOPLIST_FILE = "$(SRCROOT)/ch11lab/Info.plist";
				LD_RUNPATH_SEARCH_PATHS = (
					"$(inherited)",
					"@executable_path/Frameworks",
				);
				PRODUCT_BUNDLE_IDENTIFIER = jmlee.hansung.ac.kr.ch11lab;
				PRODUCT_NAME = "$(TARGET_NAME)";
				SWIFT_VERSION = 5.0;
				TARGETED_DEVICE_FAMILY = "1,2";
			};
			name = Debug;
		};
		7C578B8526483702008C0A31 /* Release */ = {
			isa = XCBuildConfiguration;
			buildSettings = {
				ASSETCATALOG_COMPILER_APPICON_NAME = AppIcon;
				ASSETCATALOG_COMPILER_GLOBAL_ACCENT_COLOR_NAME = AccentColor;
				CODE_SIGN_STYLE = Automatic;
				DEVELOPMENT_TEAM = KUAV85P94F;
				INFOPLIST_FILE = "$(SRCROOT)/ch11lab/Info.plist";
				LD_RUNPATH_SEARCH_PATHS = (
					"$(inherited)",
					"@executable_path/Frameworks",
				);
				PRODUCT_BUNDLE_IDENTIFIER = jmlee.hansung.ac.kr.ch11lab;
				PRODUCT_NAME = "$(TARGET_NAME)";
				SWIFT_VERSION = 5.0;
				TARGETED_DEVICE_FAMILY = "1,2";
			};
			name = Release;
		};
/* End XCBuildConfiguration section */

/* Begin XCConfigurationList section */
		7C578B6A26483701008C0A31 /* Build configuration list for PBXProject "ch11lab" */ = {
			isa = XCConfigurationList;
			buildConfigurations = (
				7C578B8126483702008C0A31 /* Debug */,
				7C578B8226483702008C0A31 /* Release */,
			);
			defaultConfigurationIsVisible = 0;
			defaultConfigurationName = Release;
		};
		7C578B8326483702008C0A31 /* Build configuration list for PBXNativeTarget "ch11lab" */ = {
			isa = XCConfigurationList;
			buildConfigurations = (
				7C578B8426483702008C0A31 /* Debug */,
				7C578B8526483702008C0A31 /* Release */,
			);
			defaultConfigurationIsVisible = 0;
			defaultConfigurationName = Release;
		};
/* End XCConfigurationList section */
	};
	rootObject = 7C578B6726483701008C0A31 /* Project object */;
}
