// !$*UTF8*$!
{
	archiveVersion = 1;
	classes = {
	};
	objectVersion = 50;
	objects = {

/* Begin PBXBuildFile section */
		12418378F3943AF692F2457E /* Pods_project_1891321.framework in Frameworks */ = {isa = PBXBuildFile; fileRef = 289CEF2A43CE4267A14B128C /* Pods_project_1891321.framework */; };
		F44A2E4E265293DC0071CCCB /* AppDelegate.swift in Sources */ = {isa = PBXBuildFile; fileRef = F44A2E4D265293DC0071CCCB /* AppDelegate.swift */; };
		F44A2E50265293DC0071CCCB /* SceneDelegate.swift in Sources */ = {isa = PBXBuildFile; fileRef = F44A2E4F265293DC0071CCCB /* SceneDelegate.swift */; };
		F44A2E52265293DC0071CCCB /* ViewController.swift in Sources */ = {isa = PBXBuildFile; fileRef = F44A2E51265293DC0071CCCB /* ViewController.swift */; };
		F44A2E55265293DC0071CCCB /* Main.storyboard in Resources */ = {isa = PBXBuildFile; fileRef = F44A2E53265293DC0071CCCB /* Main.storyboard */; };
		F44A2E57265293DE0071CCCB /* Assets.xcassets in Resources */ = {isa = PBXBuildFile; fileRef = F44A2E56265293DE0071CCCB /* Assets.xcassets */; };
		F44A2E5A265293DE0071CCCB /* LaunchScreen.storyboard in Resources */ = {isa = PBXBuildFile; fileRef = F44A2E58265293DE0071CCCB /* LaunchScreen.storyboard */; };
/* End PBXBuildFile section */

/* Begin PBXFileReference section */
		289CEF2A43CE4267A14B128C /* Pods_project_1891321.framework */ = {isa = PBXFileReference; explicitFileType = wrapper.framework; includeInIndex = 0; path = Pods_project_1891321.framework; sourceTree = BUILT_PRODUCTS_DIR; };
		66D4876BE75798B238A311A9 /* Pods-project-1891321.release.xcconfig */ = {isa = PBXFileReference; includeInIndex = 1; lastKnownFileType = text.xcconfig; name = "Pods-project-1891321.release.xcconfig"; path = "Target Support Files/Pods-project-1891321/Pods-project-1891321.release.xcconfig"; sourceTree = "<group>"; };
		CDAC97D28925585E1AB12AD0 /* Pods-project-1891321.debug.xcconfig */ = {isa = PBXFileReference; includeInIndex = 1; lastKnownFileType = text.xcconfig; name = "Pods-project-1891321.debug.xcconfig"; path = "Target Support Files/Pods-project-1891321/Pods-project-1891321.debug.xcconfig"; sourceTree = "<group>"; };
		F44A2E4A265293DC0071CCCB /* project-1891321.app */ = {isa = PBXFileReference; explicitFileType = wrapper.application; includeInIndex = 0; path = "project-1891321.app"; sourceTree = BUILT_PRODUCTS_DIR; };
		F44A2E4D265293DC0071CCCB /* AppDelegate.swift */ = {isa = PBXFileReference; lastKnownFileType = sourcecode.swift; path = AppDelegate.swift; sourceTree = "<group>"; };
		F44A2E4F265293DC0071CCCB /* SceneDelegate.swift */ = {isa = PBXFileReference; lastKnownFileType = sourcecode.swift; path = SceneDelegate.swift; sourceTree = "<group>"; };
		F44A2E51265293DC0071CCCB /* ViewController.swift */ = {isa = PBXFileReference; lastKnownFileType = sourcecode.swift; path = ViewController.swift; sourceTree = "<group>"; };
		F44A2E54265293DC0071CCCB /* Base */ = {isa = PBXFileReference; lastKnownFileType = file.storyboard; name = Base; path = Base.lproj/Main.storyboard; sourceTree = "<group>"; };
		F44A2E56265293DE0071CCCB /* Assets.xcassets */ = {isa = PBXFileReference; lastKnownFileType = folder.assetcatalog; path = Assets.xcassets; sourceTree = "<group>"; };
		F44A2E59265293DE0071CCCB /* Base */ = {isa = PBXFileReference; lastKnownFileType = file.storyboard; name = Base; path = Base.lproj/LaunchScreen.storyboard; sourceTree = "<group>"; };
		F44A2E5B265293DE0071CCCB /* Info.plist */ = {isa = PBXFileReference; lastKnownFileType = text.plist.xml; path = Info.plist; sourceTree = "<group>"; };
/* End PBXFileReference section */

/* Begin PBXFrameworksBuildPhase section */
		F44A2E47265293DC0071CCCB /* Frameworks */ = {
			isa = PBXFrameworksBuildPhase;
			buildActionMask = 2147483647;
			files = (
				12418378F3943AF692F2457E /* Pods_project_1891321.framework in Frameworks */,
			);
			runOnlyForDeploymentPostprocessing = 0;
		};
/* End PBXFrameworksBuildPhase section */

/* Begin PBXGroup section */
		76A52CB981C68C0EA0EBA8B2 /* Pods */ = {
			isa = PBXGroup;
			children = (
				CDAC97D28925585E1AB12AD0 /* Pods-project-1891321.debug.xcconfig */,
				66D4876BE75798B238A311A9 /* Pods-project-1891321.release.xcconfig */,
			);
			name = Pods;
			path = Pods;
			sourceTree = "<group>";
		};
		88E8821FE51EE8E731D22D66 /* Frameworks */ = {
			isa = PBXGroup;
			children = (
				289CEF2A43CE4267A14B128C /* Pods_project_1891321.framework */,
			);
			name = Frameworks;
			sourceTree = "<group>";
		};
		F44A2E41265293DC0071CCCB = {
			isa = PBXGroup;
			children = (
				F44A2E4C265293DC0071CCCB /* project-1891321 */,
				F44A2E4B265293DC0071CCCB /* Products */,
				76A52CB981C68C0EA0EBA8B2 /* Pods */,
				88E8821FE51EE8E731D22D66 /* Frameworks */,
			);
			sourceTree = "<group>";
		};
		F44A2E4B265293DC0071CCCB /* Products */ = {
			isa = PBXGroup;
			children = (
				F44A2E4A265293DC0071CCCB /* project-1891321.app */,
			);
			name = Products;
			sourceTree = "<group>";
		};
		F44A2E4C265293DC0071CCCB /* project-1891321 */ = {
			isa = PBXGroup;
			children = (
				F44A2E4D265293DC0071CCCB /* AppDelegate.swift */,
				F44A2E4F265293DC0071CCCB /* SceneDelegate.swift */,
				F44A2E51265293DC0071CCCB /* ViewController.swift */,
				F44A2E53265293DC0071CCCB /* Main.storyboard */,
				F44A2E56265293DE0071CCCB /* Assets.xcassets */,
				F44A2E58265293DE0071CCCB /* LaunchScreen.storyboard */,
				F44A2E5B265293DE0071CCCB /* Info.plist */,
			);
			path = "project-1891321";
			sourceTree = "<group>";
		};
/* End PBXGroup section */

/* Begin PBXNativeTarget section */
		F44A2E49265293DC0071CCCB /* project-1891321 */ = {
			isa = PBXNativeTarget;
			buildConfigurationList = F44A2E5E265293DE0071CCCB /* Build configuration list for PBXNativeTarget "project-1891321" */;
			buildPhases = (
				4F01E24FD81D510EA9A9EA97 /* [CP] Check Pods Manifest.lock */,
				F44A2E46265293DC0071CCCB /* Sources */,
				F44A2E47265293DC0071CCCB /* Frameworks */,
				F44A2E48265293DC0071CCCB /* Resources */,
				C07B9C31C06C3E56E7487C4B /* [CP] Embed Pods Frameworks */,
			);
			buildRules = (
			);
			dependencies = (
			);
			name = "project-1891321";
			productName = "project-1891321";
			productReference = F44A2E4A265293DC0071CCCB /* project-1891321.app */;
			productType = "com.apple.product-type.application";
		};
/* End PBXNativeTarget section */

/* Begin PBXProject section */
		F44A2E42265293DC0071CCCB /* Project object */ = {
			isa = PBXProject;
			attributes = {
				LastSwiftUpdateCheck = 1240;
				LastUpgradeCheck = 1240;
				TargetAttributes = {
					F44A2E49265293DC0071CCCB = {
						CreatedOnToolsVersion = 12.4;
					};
				};
			};
			buildConfigurationList = F44A2E45265293DC0071CCCB /* Build configuration list for PBXProject "project-1891321" */;
			compatibilityVersion = "Xcode 9.3";
			developmentRegion = en;
			hasScannedForEncodings = 0;
			knownRegions = (
				en,
				Base,
			);
			mainGroup = F44A2E41265293DC0071CCCB;
			productRefGroup = F44A2E4B265293DC0071CCCB /* Products */;
			projectDirPath = "";
			projectRoot = "";
			targets = (
				F44A2E49265293DC0071CCCB /* project-1891321 */,
			);
		};
/* End PBXProject section */

/* Begin PBXResourcesBuildPhase section */
		F44A2E48265293DC0071CCCB /* Resources */ = {
			isa = PBXResourcesBuildPhase;
			buildActionMask = 2147483647;
			files = (
				F44A2E5A265293DE0071CCCB /* LaunchScreen.storyboard in Resources */,
				F44A2E57265293DE0071CCCB /* Assets.xcassets in Resources */,
				F44A2E55265293DC0071CCCB /* Main.storyboard in Resources */,
			);
			runOnlyForDeploymentPostprocessing = 0;
		};
/* End PBXResourcesBuildPhase section */

/* Begin PBXShellScriptBuildPhase section */
		4F01E24FD81D510EA9A9EA97 /* [CP] Check Pods Manifest.lock */ = {
			isa = PBXShellScriptBuildPhase;
			buildActionMask = 2147483647;
			files = (
			);
			inputFileListPaths = (
			);
			inputPaths = (
				"${PODS_PODFILE_DIR_PATH}/Podfile.lock",
				"${PODS_ROOT}/Manifest.lock",
			);
			name = "[CP] Check Pods Manifest.lock";
			outputFileListPaths = (
			);
			outputPaths = (
				"$(DERIVED_FILE_DIR)/Pods-project-1891321-checkManifestLockResult.txt",
			);
			runOnlyForDeploymentPostprocessing = 0;
			shellPath = /bin/sh;
			shellScript = "diff \"${PODS_PODFILE_DIR_PATH}/Podfile.lock\" \"${PODS_ROOT}/Manifest.lock\" > /dev/null\nif [ $? != 0 ] ; then\n    # print error to STDERR\n    echo \"error: The sandbox is not in sync with the Podfile.lock. Run 'pod install' or update your CocoaPods installation.\" >&2\n    exit 1\nfi\n# This output is used by Xcode 'outputs' to avoid re-running this script phase.\necho \"SUCCESS\" > \"${SCRIPT_OUTPUT_FILE_0}\"\n";
			showEnvVarsInLog = 0;
		};
		C07B9C31C06C3E56E7487C4B /* [CP] Embed Pods Frameworks */ = {
			isa = PBXShellScriptBuildPhase;
			buildActionMask = 2147483647;
			files = (
			);
			inputFileListPaths = (
				"${PODS_ROOT}/Target Support Files/Pods-project-1891321/Pods-project-1891321-frameworks-${CONFIGURATION}-input-files.xcfilelist",
			);
			name = "[CP] Embed Pods Frameworks";
			outputFileListPaths = (
				"${PODS_ROOT}/Target Support Files/Pods-project-1891321/Pods-project-1891321-frameworks-${CONFIGURATION}-output-files.xcfilelist",
			);
			runOnlyForDeploymentPostprocessing = 0;
			shellPath = /bin/sh;
			shellScript = "\"${PODS_ROOT}/Target Support Files/Pods-project-1891321/Pods-project-1891321-frameworks.sh\"\n";
			showEnvVarsInLog = 0;
		};
/* End PBXShellScriptBuildPhase section */

/* Begin PBXSourcesBuildPhase section */
		F44A2E46265293DC0071CCCB /* Sources */ = {
			isa = PBXSourcesBuildPhase;
			buildActionMask = 2147483647;
			files = (
				F44A2E52265293DC0071CCCB /* ViewController.swift in Sources */,
				F44A2E4E265293DC0071CCCB /* AppDelegate.swift in Sources */,
				F44A2E50265293DC0071CCCB /* SceneDelegate.swift in Sources */,
			);
			runOnlyForDeploymentPostprocessing = 0;
		};
/* End PBXSourcesBuildPhase section */

/* Begin PBXVariantGroup section */
		F44A2E53265293DC0071CCCB /* Main.storyboard */ = {
			isa = PBXVariantGroup;
			children = (
				F44A2E54265293DC0071CCCB /* Base */,
			);
			name = Main.storyboard;
			sourceTree = "<group>";
		};
		F44A2E58265293DE0071CCCB /* LaunchScreen.storyboard */ = {
			isa = PBXVariantGroup;
			children = (
				F44A2E59265293DE0071CCCB /* Base */,
			);
			name = LaunchScreen.storyboard;
			sourceTree = "<group>";
		};
/* End PBXVariantGroup section */

/* Begin XCBuildConfiguration section */
		F44A2E5C265293DE0071CCCB /* Debug */ = {
			isa = XCBuildConfiguration;
			buildSettings = {
				ALWAYS_SEARCH_USER_PATHS = NO;
				CLANG_ANALYZER_NONNULL = YES;
				CLANG_ANALYZER_NUMBER_OBJECT_CONVERSION = YES_AGGRESSIVE;
				CLANG_CXX_LANGUAGE_STANDARD = "gnu++14";
				CLANG_CXX_LIBRARY = "libc++";
				CLANG_ENABLE_MODULES = YES;
				CLANG_ENABLE_OBJC_ARC = YES;
				CLANG_ENABLE_OBJC_WEAK = YES;
				CLANG_WARN_BLOCK_CAPTURE_AUTORELEASING = YES;
				CLANG_WARN_BOOL_CONVERSION = YES;
				CLANG_WARN_COMMA = YES;
				CLANG_WARN_CONSTANT_CONVERSION = YES;
				CLANG_WARN_DEPRECATED_OBJC_IMPLEMENTATIONS = YES;
				CLANG_WARN_DIRECT_OBJC_ISA_USAGE = YES_ERROR;
				CLANG_WARN_DOCUMENTATION_COMMENTS = YES;
				CLANG_WARN_EMPTY_BODY = YES;
				CLANG_WARN_ENUM_CONVERSION = YES;
				CLANG_WARN_INFINITE_RECURSION = YES;
				CLANG_WARN_INT_CONVERSION = YES;
				CLANG_WARN_NON_LITERAL_NULL_CONVERSION = YES;
				CLANG_WARN_OBJC_IMPLICIT_RETAIN_SELF = YES;
				CLANG_WARN_OBJC_LITERAL_CONVERSION = YES;
				CLANG_WARN_OBJC_ROOT_CLASS = YES_ERROR;
				CLANG_WARN_QUOTED_INCLUDE_IN_FRAMEWORK_HEADER = YES;
				CLANG_WARN_RANGE_LOOP_ANALYSIS = YES;
				CLANG_WARN_STRICT_PROTOTYPES = YES;
				CLANG_WARN_SUSPICIOUS_MOVE = YES;
				CLANG_WARN_UNGUARDED_AVAILABILITY = YES_AGGRESSIVE;
				CLANG_WARN_UNREACHABLE_CODE = YES;
				CLANG_WARN__DUPLICATE_METHOD_MATCH = YES;
				COPY_PHASE_STRIP = NO;
				DEBUG_INFORMATION_FORMAT = dwarf;
				ENABLE_STRICT_OBJC_MSGSEND = YES;
				ENABLE_TESTABILITY = YES;
				GCC_C_LANGUAGE_STANDARD = gnu11;
				GCC_DYNAMIC_NO_PIC = NO;
				GCC_NO_COMMON_BLOCKS = YES;
				GCC_OPTIMIZATION_LEVEL = 0;
				GCC_PREPROCESSOR_DEFINITIONS = (
					"DEBUG=1",
					"$(inherited)",
				);
				GCC_WARN_64_TO_32_BIT_CONVERSION = YES;
				GCC_WARN_ABOUT_RETURN_TYPE = YES_ERROR;
				GCC_WARN_UNDECLARED_SELECTOR = YES;
				GCC_WARN_UNINITIALIZED_AUTOS = YES_AGGRESSIVE;
				GCC_WARN_UNUSED_FUNCTION = YES;
				GCC_WARN_UNUSED_VARIABLE = YES;
				IPHONEOS_DEPLOYMENT_TARGET = 14.4;
				MTL_ENABLE_DEBUG_INFO = INCLUDE_SOURCE;
				MTL_FAST_MATH = YES;
				ONLY_ACTIVE_ARCH = YES;
				SDKROOT = iphoneos;
				SWIFT_ACTIVE_COMPILATION_CONDITIONS = DEBUG;
				SWIFT_OPTIMIZATION_LEVEL = "-Onone";
			};
			name = Debug;
		};
		F44A2E5D265293DE0071CCCB /* Release */ = {
			isa = XCBuildConfiguration;
			buildSettings = {
				ALWAYS_SEARCH_USER_PATHS = NO;
				CLANG_ANALYZER_NONNULL = YES;
				CLANG_ANALYZER_NUMBER_OBJECT_CONVERSION = YES_AGGRESSIVE;
				CLANG_CXX_LANGUAGE_STANDARD = "gnu++14";
				CLANG_CXX_LIBRARY = "libc++";
				CLANG_ENABLE_MODULES = YES;
				CLANG_ENABLE_OBJC_ARC = YES;
				CLANG_ENABLE_OBJC_WEAK = YES;
				CLANG_WARN_BLOCK_CAPTURE_AUTORELEASING = YES;
				CLANG_WARN_BOOL_CONVERSION = YES;
				CLANG_WARN_COMMA = YES;
				CLANG_WARN_CONSTANT_CONVERSION = YES;
				CLANG_WARN_DEPRECATED_OBJC_IMPLEMENTATIONS = YES;
				CLANG_WARN_DIRECT_OBJC_ISA_USAGE = YES_ERROR;
				CLANG_WARN_DOCUMENTATION_COMMENTS = YES;
				CLANG_WARN_EMPTY_BODY = YES;
				CLANG_WARN_ENUM_CONVERSION = YES;
				CLANG_WARN_INFINITE_RECURSION = YES;
				CLANG_WARN_INT_CONVERSION = YES;
				CLANG_WARN_NON_LITERAL_NULL_CONVERSION = YES;
				CLANG_WARN_OBJC_IMPLICIT_RETAIN_SELF = YES;
				CLANG_WARN_OBJC_LITERAL_CONVERSION = YES;
				CLANG_WARN_OBJC_ROOT_CLASS = YES_ERROR;
				CLANG_WARN_QUOTED_INCLUDE_IN_FRAMEWORK_HEADER = YES;
				CLANG_WARN_RANGE_LOOP_ANALYSIS = YES;
				CLANG_WARN_STRICT_PROTOTYPES = YES;
				CLANG_WARN_SUSPICIOUS_MOVE = YES;
				CLANG_WARN_UNGUARDED_AVAILABILITY = YES_AGGRESSIVE;
				CLANG_WARN_UNREACHABLE_CODE = YES;
				CLANG_WARN__DUPLICATE_METHOD_MATCH = YES;
				COPY_PHASE_STRIP = NO;
				DEBUG_INFORMATION_FORMAT = "dwarf-with-dsym";
				ENABLE_NS_ASSERTIONS = NO;
				ENABLE_STRICT_OBJC_MSGSEND = YES;
				GCC_C_LANGUAGE_STANDARD = gnu11;
				GCC_NO_COMMON_BLOCKS = YES;
				GCC_WARN_64_TO_32_BIT_CONVERSION = YES;
				GCC_WARN_ABOUT_RETURN_TYPE = YES_ERROR;
				GCC_WARN_UNDECLARED_SELECTOR = YES;
				GCC_WARN_UNINITIALIZED_AUTOS = YES_AGGRESSIVE;
				GCC_WARN_UNUSED_FUNCTION = YES;
				GCC_WARN_UNUSED_VARIABLE = YES;
				IPHONEOS_DEPLOYMENT_TARGET = 14.4;
				MTL_ENABLE_DEBUG_INFO = NO;
				MTL_FAST_MATH = YES;
				SDKROOT = iphoneos;
				SWIFT_COMPILATION_MODE = wholemodule;
				SWIFT_OPTIMIZATION_LEVEL = "-O";
				VALIDATE_PRODUCT = YES;
			};
			name = Release;
		};
		F44A2E5F265293DE0071CCCB /* Debug */ = {
			isa = XCBuildConfiguration;
			baseConfigurationReference = CDAC97D28925585E1AB12AD0 /* Pods-project-1891321.debug.xcconfig */;
			buildSettings = {
				ASSETCATALOG_COMPILER_APPICON_NAME = AppIcon;
				ASSETCATALOG_COMPILER_GLOBAL_ACCENT_COLOR_NAME = AccentColor;
				CODE_SIGN_STYLE = Automatic;
				INFOPLIST_FILE = "project-1891321/Info.plist";
				LD_RUNPATH_SEARCH_PATHS = (
					"$(inherited)",
					"@executable_path/Frameworks",
				);
				PRODUCT_BUNDLE_IDENTIFIER = "-891321.hansung.ac.kr.project-1891321";
				PRODUCT_NAME = "$(TARGET_NAME)";
				SWIFT_VERSION = 5.0;
				TARGETED_DEVICE_FAMILY = "1,2";
			};
			name = Debug;
		};
		F44A2E60265293DE0071CCCB /* Release */ = {
			isa = XCBuildConfiguration;
			baseConfigurationReference = 66D4876BE75798B238A311A9 /* Pods-project-1891321.release.xcconfig */;
			buildSettings = {
				ASSETCATALOG_COMPILER_APPICON_NAME = AppIcon;
				ASSETCATALOG_COMPILER_GLOBAL_ACCENT_COLOR_NAME = AccentColor;
				CODE_SIGN_STYLE = Automatic;
				INFOPLIST_FILE = "project-1891321/Info.plist";
				LD_RUNPATH_SEARCH_PATHS = (
					"$(inherited)",
					"@executable_path/Frameworks",
				);
				PRODUCT_BUNDLE_IDENTIFIER = "-891321.hansung.ac.kr.project-1891321";
				PRODUCT_NAME = "$(TARGET_NAME)";
				SWIFT_VERSION = 5.0;
				TARGETED_DEVICE_FAMILY = "1,2";
			};
			name = Release;
		};
/* End XCBuildConfiguration section */

/* Begin XCConfigurationList section */
		F44A2E45265293DC0071CCCB /* Build configuration list for PBXProject "project-1891321" */ = {
			isa = XCConfigurationList;
			buildConfigurations = (
				F44A2E5C265293DE0071CCCB /* Debug */,
				F44A2E5D265293DE0071CCCB /* Release */,
			);
			defaultConfigurationIsVisible = 0;
			defaultConfigurationName = Release;
		};
		F44A2E5E265293DE0071CCCB /* Build configuration list for PBXNativeTarget "project-1891321" */ = {
			isa = XCConfigurationList;
			buildConfigurations = (
				F44A2E5F265293DE0071CCCB /* Debug */,
				F44A2E60265293DE0071CCCB /* Release */,
			);
			defaultConfigurationIsVisible = 0;
			defaultConfigurationName = Release;
		};
/* End XCConfigurationList section */
	};
	rootObject = F44A2E42265293DC0071CCCB /* Project object */;
}
