// !$*UTF8*$!
{
	archiveVersion = 1;
	classes = {
	};
	objectVersion = 50;
	objects = {

/* Begin PBXBuildFile section */
		1800151F265E7914001FA857 /* AppDelegate.swift in Sources */ = {isa = PBXBuildFile; fileRef = 1800151E265E7914001FA857 /* AppDelegate.swift */; };
		18001521265E7914001FA857 /* SceneDelegate.swift in Sources */ = {isa = PBXBuildFile; fileRef = 18001520265E7914001FA857 /* SceneDelegate.swift */; };
		18001526265E7914001FA857 /* Main.storyboard in Resources */ = {isa = PBXBuildFile; fileRef = 18001524265E7914001FA857 /* Main.storyboard */; };
		18001528265E7917001FA857 /* Assets.xcassets in Resources */ = {isa = PBXBuildFile; fileRef = 18001527265E7917001FA857 /* Assets.xcassets */; };
		1800152B265E7917001FA857 /* LaunchScreen.storyboard in Resources */ = {isa = PBXBuildFile; fileRef = 18001529265E7917001FA857 /* LaunchScreen.storyboard */; };
		183B6436265F9CFB00625BCA /* TodoListViewController.swift in Sources */ = {isa = PBXBuildFile; fileRef = 183B6435265F9CFB00625BCA /* TodoListViewController.swift */; };
		183B643A265FA4C500625BCA /* AddTodoListViewController.swift in Sources */ = {isa = PBXBuildFile; fileRef = 183B6439265FA4C500625BCA /* AddTodoListViewController.swift */; };
		183B643D265FA84500625BCA /* TodoList.swift in Sources */ = {isa = PBXBuildFile; fileRef = 183B643C265FA84500625BCA /* TodoList.swift */; };
		183BAFCB26629BB300372518 /* IMG_7872.png in Resources */ = {isa = PBXBuildFile; fileRef = 183BAFCA26629BB300372518 /* IMG_7872.png */; };
		183DB8EB26611835009E14B7 /* CalendarViewController.swift in Sources */ = {isa = PBXBuildFile; fileRef = 183DB8EA26611835009E14B7 /* CalendarViewController.swift */; };
/* End PBXBuildFile section */

/* Begin PBXFileReference section */
		1800151B265E7914001FA857 /* project-1891321.app */ = {isa = PBXFileReference; explicitFileType = wrapper.application; includeInIndex = 0; path = "project-1891321.app"; sourceTree = BUILT_PRODUCTS_DIR; };
		1800151E265E7914001FA857 /* AppDelegate.swift */ = {isa = PBXFileReference; lastKnownFileType = sourcecode.swift; path = AppDelegate.swift; sourceTree = "<group>"; };
		18001520265E7914001FA857 /* SceneDelegate.swift */ = {isa = PBXFileReference; lastKnownFileType = sourcecode.swift; path = SceneDelegate.swift; sourceTree = "<group>"; };
		18001525265E7914001FA857 /* Base */ = {isa = PBXFileReference; lastKnownFileType = file.storyboard; name = Base; path = Base.lproj/Main.storyboard; sourceTree = "<group>"; };
		18001527265E7917001FA857 /* Assets.xcassets */ = {isa = PBXFileReference; lastKnownFileType = folder.assetcatalog; path = Assets.xcassets; sourceTree = "<group>"; };
		1800152A265E7917001FA857 /* Base */ = {isa = PBXFileReference; lastKnownFileType = file.storyboard; name = Base; path = Base.lproj/LaunchScreen.storyboard; sourceTree = "<group>"; };
		1800152C265E7917001FA857 /* Info.plist */ = {isa = PBXFileReference; lastKnownFileType = text.plist.xml; path = Info.plist; sourceTree = "<group>"; };
		183B6435265F9CFB00625BCA /* TodoListViewController.swift */ = {isa = PBXFileReference; lastKnownFileType = sourcecode.swift; path = TodoListViewController.swift; sourceTree = "<group>"; };
		183B6439265FA4C500625BCA /* AddTodoListViewController.swift */ = {isa = PBXFileReference; lastKnownFileType = sourcecode.swift; path = AddTodoListViewController.swift; sourceTree = "<group>"; };
		183B643C265FA84500625BCA /* TodoList.swift */ = {isa = PBXFileReference; lastKnownFileType = sourcecode.swift; path = TodoList.swift; sourceTree = "<group>"; };
		183BAFCA26629BB300372518 /* IMG_7872.png */ = {isa = PBXFileReference; lastKnownFileType = image.png; path = IMG_7872.png; sourceTree = "<group>"; };
		183DB8EA26611835009E14B7 /* CalendarViewController.swift */ = {isa = PBXFileReference; lastKnownFileType = sourcecode.swift; path = CalendarViewController.swift; sourceTree = "<group>"; };
/* End PBXFileReference section */

/* Begin PBXFrameworksBuildPhase section */
		18001518265E7914001FA857 /* Frameworks */ = {
			isa = PBXFrameworksBuildPhase;
			buildActionMask = 2147483647;
			files = (
			);
			runOnlyForDeploymentPostprocessing = 0;
		};
/* End PBXFrameworksBuildPhase section */

/* Begin PBXGroup section */
		18001512265E7914001FA857 = {
			isa = PBXGroup;
			children = (
				1800151D265E7914001FA857 /* project-1891321 */,
				1800151C265E7914001FA857 /* Products */,
			);
			sourceTree = "<group>";
		};
		1800151C265E7914001FA857 /* Products */ = {
			isa = PBXGroup;
			children = (
				1800151B265E7914001FA857 /* project-1891321.app */,
			);
			name = Products;
			sourceTree = "<group>";
		};
		1800151D265E7914001FA857 /* project-1891321 */ = {
			isa = PBXGroup;
			children = (
				1800151E265E7914001FA857 /* AppDelegate.swift */,
				18001520265E7914001FA857 /* SceneDelegate.swift */,
				18001524265E7914001FA857 /* Main.storyboard */,
				18001527265E7917001FA857 /* Assets.xcassets */,
				18001529265E7917001FA857 /* LaunchScreen.storyboard */,
				1800152C265E7917001FA857 /* Info.plist */,
				183B6435265F9CFB00625BCA /* TodoListViewController.swift */,
				183B6439265FA4C500625BCA /* AddTodoListViewController.swift */,
				183B643C265FA84500625BCA /* TodoList.swift */,
				183DB8EA26611835009E14B7 /* CalendarViewController.swift */,
				183BAFCA26629BB300372518 /* IMG_7872.png */,
			);
			path = "project-1891321";
			sourceTree = "<group>";
		};
/* End PBXGroup section */

/* Begin PBXNativeTarget section */
		1800151A265E7914001FA857 /* project-1891321 */ = {
			isa = PBXNativeTarget;
			buildConfigurationList = 1800152F265E7917001FA857 /* Build configuration list for PBXNativeTarget "project-1891321" */;
			buildPhases = (
				18001517265E7914001FA857 /* Sources */,
				18001518265E7914001FA857 /* Frameworks */,
				18001519265E7914001FA857 /* Resources */,
			);
			buildRules = (
			);
			dependencies = (
			);
			name = "project-1891321";
			productName = "project-1891321";
			productReference = 1800151B265E7914001FA857 /* project-1891321.app */;
			productType = "com.apple.product-type.application";
		};
/* End PBXNativeTarget section */

/* Begin PBXProject section */
		18001513265E7914001FA857 /* Project object */ = {
			isa = PBXProject;
			attributes = {
				LastSwiftUpdateCheck = 1240;
				LastUpgradeCheck = 1240;
				TargetAttributes = {
					1800151A265E7914001FA857 = {
						CreatedOnToolsVersion = 12.4;
					};
				};
			};
			buildConfigurationList = 18001516265E7914001FA857 /* Build configuration list for PBXProject "project-1891321" */;
			compatibilityVersion = "Xcode 9.3";
			developmentRegion = en;
			hasScannedForEncodings = 0;
			knownRegions = (
				en,
				Base,
			);
			mainGroup = 18001512265E7914001FA857;
			productRefGroup = 1800151C265E7914001FA857 /* Products */;
			projectDirPath = "";
			projectRoot = "";
			targets = (
				1800151A265E7914001FA857 /* project-1891321 */,
			);
		};
/* End PBXProject section */

/* Begin PBXResourcesBuildPhase section */
		18001519265E7914001FA857 /* Resources */ = {
			isa = PBXResourcesBuildPhase;
			buildActionMask = 2147483647;
			files = (
				1800152B265E7917001FA857 /* LaunchScreen.storyboard in Resources */,
				18001528265E7917001FA857 /* Assets.xcassets in Resources */,
				18001526265E7914001FA857 /* Main.storyboard in Resources */,
				183BAFCB26629BB300372518 /* IMG_7872.png in Resources */,
			);
			runOnlyForDeploymentPostprocessing = 0;
		};
/* End PBXResourcesBuildPhase section */

/* Begin PBXSourcesBuildPhase section */
		18001517265E7914001FA857 /* Sources */ = {
			isa = PBXSourcesBuildPhase;
			buildActionMask = 2147483647;
			files = (
				1800151F265E7914001FA857 /* AppDelegate.swift in Sources */,
				183B643A265FA4C500625BCA /* AddTodoListViewController.swift in Sources */,
				183B643D265FA84500625BCA /* TodoList.swift in Sources */,
				18001521265E7914001FA857 /* SceneDelegate.swift in Sources */,
				183DB8EB26611835009E14B7 /* CalendarViewController.swift in Sources */,
				183B6436265F9CFB00625BCA /* TodoListViewController.swift in Sources */,
			);
			runOnlyForDeploymentPostprocessing = 0;
		};
/* End PBXSourcesBuildPhase section */

/* Begin PBXVariantGroup section */
		18001524265E7914001FA857 /* Main.storyboard */ = {
			isa = PBXVariantGroup;
			children = (
				18001525265E7914001FA857 /* Base */,
			);
			name = Main.storyboard;
			sourceTree = "<group>";
		};
		18001529265E7917001FA857 /* LaunchScreen.storyboard */ = {
			isa = PBXVariantGroup;
			children = (
				1800152A265E7917001FA857 /* Base */,
			);
			name = LaunchScreen.storyboard;
			sourceTree = "<group>";
		};
/* End PBXVariantGroup section */

/* Begin XCBuildConfiguration section */
		1800152D265E7917001FA857 /* Debug */ = {
			isa = XCBuildConfiguration;
			buildSettings = {
				ALWAYS_SEARCH_USER_PATHS = NO;
				CLANG_ANALYZER_NONNULL = YES;
				CLANG_ANALYZER_NUMBER_OBJECT_CONVERSION = YES_AGGRESSIVE;
				CLANG_CXX_LANGUAGE_STANDARD = "gnu++14";
				CLANG_CXX_LIBRARY = "libc++";
				CLANG_ENABLE_MODULES = YES;
				CLANG_ENABLE_OBJC_ARC = YES;
				CLANG_ENABLE_OBJC_WEAK = YES;
				CLANG_WARN_BLOCK_CAPTURE_AUTORELEASING = YES;
				CLANG_WARN_BOOL_CONVERSION = YES;
				CLANG_WARN_COMMA = YES;
				CLANG_WARN_CONSTANT_CONVERSION = YES;
				CLANG_WARN_DEPRECATED_OBJC_IMPLEMENTATIONS = YES;
				CLANG_WARN_DIRECT_OBJC_ISA_USAGE = YES_ERROR;
				CLANG_WARN_DOCUMENTATION_COMMENTS = YES;
				CLANG_WARN_EMPTY_BODY = YES;
				CLANG_WARN_ENUM_CONVERSION = YES;
				CLANG_WARN_INFINITE_RECURSION = YES;
				CLANG_WARN_INT_CONVERSION = YES;
				CLANG_WARN_NON_LITERAL_NULL_CONVERSION = YES;
				CLANG_WARN_OBJC_IMPLICIT_RETAIN_SELF = YES;
				CLANG_WARN_OBJC_LITERAL_CONVERSION = YES;
				CLANG_WARN_OBJC_ROOT_CLASS = YES_ERROR;
				CLANG_WARN_QUOTED_INCLUDE_IN_FRAMEWORK_HEADER = YES;
				CLANG_WARN_RANGE_LOOP_ANALYSIS = YES;
				CLANG_WARN_STRICT_PROTOTYPES = YES;
				CLANG_WARN_SUSPICIOUS_MOVE = YES;
				CLANG_WARN_UNGUARDED_AVAILABILITY = YES_AGGRESSIVE;
				CLANG_WARN_UNREACHABLE_CODE = YES;
				CLANG_WARN__DUPLICATE_METHOD_MATCH = YES;
				COPY_PHASE_STRIP = NO;
				DEBUG_INFORMATION_FORMAT = dwarf;
				ENABLE_STRICT_OBJC_MSGSEND = YES;
				ENABLE_TESTABILITY = YES;
				GCC_C_LANGUAGE_STANDARD = gnu11;
				GCC_DYNAMIC_NO_PIC = NO;
				GCC_NO_COMMON_BLOCKS = YES;
				GCC_OPTIMIZATION_LEVEL = 0;
				GCC_PREPROCESSOR_DEFINITIONS = (
					"DEBUG=1",
					"$(inherited)",
				);
				GCC_WARN_64_TO_32_BIT_CONVERSION = YES;
				GCC_WARN_ABOUT_RETURN_TYPE = YES_ERROR;
				GCC_WARN_UNDECLARED_SELECTOR = YES;
				GCC_WARN_UNINITIALIZED_AUTOS = YES_AGGRESSIVE;
				GCC_WARN_UNUSED_FUNCTION = YES;
				GCC_WARN_UNUSED_VARIABLE = YES;
				IPHONEOS_DEPLOYMENT_TARGET = 14.4;
				MTL_ENABLE_DEBUG_INFO = INCLUDE_SOURCE;
				MTL_FAST_MATH = YES;
				ONLY_ACTIVE_ARCH = YES;
				SDKROOT = iphoneos;
				SWIFT_ACTIVE_COMPILATION_CONDITIONS = DEBUG;
				SWIFT_OPTIMIZATION_LEVEL = "-Onone";
			};
			name = Debug;
		};
		1800152E265E7917001FA857 /* Release */ = {
			isa = XCBuildConfiguration;
			buildSettings = {
				ALWAYS_SEARCH_USER_PATHS = NO;
				CLANG_ANALYZER_NONNULL = YES;
				CLANG_ANALYZER_NUMBER_OBJECT_CONVERSION = YES_AGGRESSIVE;
				CLANG_CXX_LANGUAGE_STANDARD = "gnu++14";
				CLANG_CXX_LIBRARY = "libc++";
				CLANG_ENABLE_MODULES = YES;
				CLANG_ENABLE_OBJC_ARC = YES;
				CLANG_ENABLE_OBJC_WEAK = YES;
				CLANG_WARN_BLOCK_CAPTURE_AUTORELEASING = YES;
				CLANG_WARN_BOOL_CONVERSION = YES;
				CLANG_WARN_COMMA = YES;
				CLANG_WARN_CONSTANT_CONVERSION = YES;
				CLANG_WARN_DEPRECATED_OBJC_IMPLEMENTATIONS = YES;
				CLANG_WARN_DIRECT_OBJC_ISA_USAGE = YES_ERROR;
				CLANG_WARN_DOCUMENTATION_COMMENTS = YES;
				CLANG_WARN_EMPTY_BODY = YES;
				CLANG_WARN_ENUM_CONVERSION = YES;
				CLANG_WARN_INFINITE_RECURSION = YES;
				CLANG_WARN_INT_CONVERSION = YES;
				CLANG_WARN_NON_LITERAL_NULL_CONVERSION = YES;
				CLANG_WARN_OBJC_IMPLICIT_RETAIN_SELF = YES;
				CLANG_WARN_OBJC_LITERAL_CONVERSION = YES;
				CLANG_WARN_OBJC_ROOT_CLASS = YES_ERROR;
				CLANG_WARN_QUOTED_INCLUDE_IN_FRAMEWORK_HEADER = YES;
				CLANG_WARN_RANGE_LOOP_ANALYSIS = YES;
				CLANG_WARN_STRICT_PROTOTYPES = YES;
				CLANG_WARN_SUSPICIOUS_MOVE = YES;
				CLANG_WARN_UNGUARDED_AVAILABILITY = YES_AGGRESSIVE;
				CLANG_WARN_UNREACHABLE_CODE = YES;
				CLANG_WARN__DUPLICATE_METHOD_MATCH = YES;
				COPY_PHASE_STRIP = NO;
				DEBUG_INFORMATION_FORMAT = "dwarf-with-dsym";
				ENABLE_NS_ASSERTIONS = NO;
				ENABLE_STRICT_OBJC_MSGSEND = YES;
				GCC_C_LANGUAGE_STANDARD = gnu11;
				GCC_NO_COMMON_BLOCKS = YES;
				GCC_WARN_64_TO_32_BIT_CONVERSION = YES;
				GCC_WARN_ABOUT_RETURN_TYPE = YES_ERROR;
				GCC_WARN_UNDECLARED_SELECTOR = YES;
				GCC_WARN_UNINITIALIZED_AUTOS = YES_AGGRESSIVE;
				GCC_WARN_UNUSED_FUNCTION = YES;
				GCC_WARN_UNUSED_VARIABLE = YES;
				IPHONEOS_DEPLOYMENT_TARGET = 14.4;
				MTL_ENABLE_DEBUG_INFO = NO;
				MTL_FAST_MATH = YES;
				SDKROOT = iphoneos;
				SWIFT_COMPILATION_MODE = wholemodule;
				SWIFT_OPTIMIZATION_LEVEL = "-O";
				VALIDATE_PRODUCT = YES;
			};
			name = Release;
		};
		18001530265E7917001FA857 /* Debug */ = {
			isa = XCBuildConfiguration;
			buildSettings = {
				ASSETCATALOG_COMPILER_APPICON_NAME = AppIcon;
				ASSETCATALOG_COMPILER_GLOBAL_ACCENT_COLOR_NAME = AccentColor;
				CODE_SIGN_STYLE = Automatic;
				INFOPLIST_FILE = "project-1891321/Info.plist";
				LD_RUNPATH_SEARCH_PATHS = (
					"$(inherited)",
					"@executable_path/Frameworks",
				);
				PRODUCT_BUNDLE_IDENTIFIER = "-891321.hansung.ac.kr.project-1891321";
				PRODUCT_NAME = "$(TARGET_NAME)";
				SWIFT_VERSION = 5.0;
				TARGETED_DEVICE_FAMILY = "1,2";
			};
			name = Debug;
		};
		18001531265E7917001FA857 /* Release */ = {
			isa = XCBuildConfiguration;
			buildSettings = {
				ASSETCATALOG_COMPILER_APPICON_NAME = AppIcon;
				ASSETCATALOG_COMPILER_GLOBAL_ACCENT_COLOR_NAME = AccentColor;
				CODE_SIGN_STYLE = Automatic;
				INFOPLIST_FILE = "project-1891321/Info.plist";
				LD_RUNPATH_SEARCH_PATHS = (
					"$(inherited)",
					"@executable_path/Frameworks",
				);
				PRODUCT_BUNDLE_IDENTIFIER = "-891321.hansung.ac.kr.project-1891321";
				PRODUCT_NAME = "$(TARGET_NAME)";
				SWIFT_VERSION = 5.0;
				TARGETED_DEVICE_FAMILY = "1,2";
			};
			name = Release;
		};
/* End XCBuildConfiguration section */

/* Begin XCConfigurationList section */
		18001516265E7914001FA857 /* Build configuration list for PBXProject "project-1891321" */ = {
			isa = XCConfigurationList;
			buildConfigurations = (
				1800152D265E7917001FA857 /* Debug */,
				1800152E265E7917001FA857 /* Release */,
			);
			defaultConfigurationIsVisible = 0;
			defaultConfigurationName = Release;
		};
		1800152F265E7917001FA857 /* Build configuration list for PBXNativeTarget "project-1891321" */ = {
			isa = XCConfigurationList;
			buildConfigurations = (
				18001530265E7917001FA857 /* Debug */,
				18001531265E7917001FA857 /* Release */,
			);
			defaultConfigurationIsVisible = 0;
			defaultConfigurationName = Release;
		};
/* End XCConfigurationList section */
	};
	rootObject = 18001513265E7914001FA857 /* Project object */;
}
